
Microsoft Visual Studio Solution File, Format Version 12.00
# Visual Studio 15
VisualStudioVersion = 15.0.27703.2035
MinimumVisualStudioVersion = 10.0.40219.1
Project("{9A19103F-16F7-4668-BE54-9A1E7A4F7556}") = "PetzoldComputer", "PetzoldComputer\PetzoldComputer.csproj", "{A18D7872-0511-4B1D-B27F-B57532A3BE04}"
EndProject
Project("{FAE04EC0-301F-11D3-BF4B-00C04F79EFBC}") = "MSTest.PetzoldComputer", "MSTest.PetzoldComputer\MSTest.PetzoldComputer.csproj", "{76A8C4FD-09AB-4E00-BD43-E40E7D92A39F}"
EndProject
Global
	GlobalSection(SolutionConfigurationPlatforms) = preSolution
		Debug|Any CPU = Debug|Any CPU
		Release|Any CPU = Release|Any CPU
	EndGlobalSection
	GlobalSection(ProjectConfigurationPlatforms) = postSolution
		{A18D7872-0511-4B1D-B27F-B57532A3BE04}.Debug|Any CPU.ActiveCfg = Debug|Any CPU
		{A18D7872-0511-4B1D-B27F-B57532A3BE04}.Debug|Any CPU.Build.0 = Debug|Any CPU
		{A18D7872-0511-4B1D-B27F-B57532A3BE04}.Release|Any CPU.ActiveCfg = Release|Any CPU
		{A18D7872-0511-4B1D-B27F-B57532A3BE04}.Release|Any CPU.Build.0 = Release|Any CPU
		{76A8C4FD-09AB-4E00-BD43-E40E7D92A39F}.Debug|Any CPU.ActiveCfg = Debug|Any CPU
		{76A8C4FD-09AB-4E00-BD43-E40E7D92A39F}.Debug|Any CPU.Build.0 = Debug|Any CPU
		{76A8C4FD-09AB-4E00-BD43-E40E7D92A39F}.Release|Any CPU.ActiveCfg = Release|Any CPU
		{76A8C4FD-09AB-4E00-BD43-E40E7D92A39F}.Release|Any CPU.Build.0 = Release|Any CPU
	EndGlobalSection
	GlobalSection(SolutionProperties) = preSolution
		HideSolutionNode = FALSE
	EndGlobalSection
	GlobalSection(ExtensibilityGlobals) = postSolution
		SolutionGuid = {F81BF3DC-543C-4CB0-942F-64CDDD9D1081}
	EndGlobalSection
EndGlobal
